
Microsoft Visual Studio Solution File, Format Version 12.00
# Visual Studio Version 16
VisualStudioVersion = 16.0.30717.126
MinimumVisualStudioVersion = 10.0.40219.1
Project("{FAE04EC0-301F-11D3-BF4B-00C04F79EFBC}") = "Linear Search", "Linear Search\Linear Search.csproj", "{D5F328D9-20E5-443D-B602-E2298BB16ECB}"
EndProject
Global
	GlobalSection(SolutionConfigurationPlatforms) = preSolution
		Debug|Any CPU = Debug|Any CPU
		Release|Any CPU = Release|Any CPU
	EndGlobalSection
	GlobalSection(ProjectConfigurationPlatforms) = postSolution
		{D5F328D9-20E5-443D-B602-E2298BB16ECB}.Debug|Any CPU.ActiveCfg = Debug|Any CPU
		{D5F328D9-20E5-443D-B602-E2298BB16ECB}.Debug|Any CPU.Build.0 = Debug|Any CPU
		{D5F328D9-20E5-443D-B602-E2298BB16ECB}.Release|Any CPU.ActiveCfg = Release|Any CPU
		{D5F328D9-20E5-443D-B602-E2298BB16ECB}.Release|Any CPU.Build.0 = Release|Any CPU
	EndGlobalSection
	GlobalSection(SolutionProperties) = preSolution
		HideSolutionNode = FALSE
	EndGlobalSection
	GlobalSection(ExtensibilityGlobals) = postSolution
		SolutionGuid = {DC154B7F-E8E3-49AA-B1BF-1D99B7B2EB75}
	EndGlobalSection
EndGlobal
